// !$*UTF8*$!
{
	archiveVersion = 1;
	classes = {
	};
	objectVersion = 50;
	objects = {

/* Begin PBXBuildFile section */
		3833D4BE22A48E90009768F6 /* AppDelegate.swift in Sources */ = {isa = PBXBuildFile; fileRef = 3833D4BD22A48E90009768F6 /* AppDelegate.swift */; };
		3833D4C322A48E90009768F6 /* Main.storyboard in Resources */ = {isa = PBXBuildFile; fileRef = 3833D4C122A48E90009768F6 /* Main.storyboard */; };
		3833D4C622A48E90009768F6 /* Expenses.xcdatamodeld in Sources */ = {isa = PBXBuildFile; fileRef = 3833D4C422A48E90009768F6 /* Expenses.xcdatamodeld */; };
		3833D4C822A48E91009768F6 /* Assets.xcassets in Resources */ = {isa = PBXBuildFile; fileRef = 3833D4C722A48E91009768F6 /* Assets.xcassets */; };
		3833D4CB22A48E91009768F6 /* LaunchScreen.storyboard in Resources */ = {isa = PBXBuildFile; fileRef = 3833D4C922A48E91009768F6 /* LaunchScreen.storyboard */; };
		3833D4D622A48E91009768F6 /* ExpensesTests.swift in Sources */ = {isa = PBXBuildFile; fileRef = 3833D4D522A48E91009768F6 /* ExpensesTests.swift */; };
		3833D4E122A48E91009768F6 /* ExpensesUITests.swift in Sources */ = {isa = PBXBuildFile; fileRef = 3833D4E022A48E91009768F6 /* ExpensesUITests.swift */; };
		3833D4EF22A49864009768F6 /* Expense.swift in Sources */ = {isa = PBXBuildFile; fileRef = 3833D4EE22A49864009768F6 /* Expense.swift */; };
		3833D4F122A4B38C009768F6 /* ExpensesViewController.swift in Sources */ = {isa = PBXBuildFile; fileRef = 3833D4F022A4B38C009768F6 /* ExpensesViewController.swift */; };
		3833D4F322A4B89E009768F6 /* ExpenseTableViewCell.swift in Sources */ = {isa = PBXBuildFile; fileRef = 3833D4F222A4B89E009768F6 /* ExpenseTableViewCell.swift */; };
/* End PBXBuildFile section */

/* Begin PBXContainerItemProxy section */
		3833D4D222A48E91009768F6 /* PBXContainerItemProxy */ = {
			isa = PBXContainerItemProxy;
			containerPortal = 3833D4B222A48E90009768F6 /* Project object */;
			proxyType = 1;
			remoteGlobalIDString = 3833D4B922A48E90009768F6;
			remoteInfo = Expenses;
		};
		3833D4DD22A48E91009768F6 /* PBXContainerItemProxy */ = {
			isa = PBXContainerItemProxy;
			containerPortal = 3833D4B222A48E90009768F6 /* Project object */;
			proxyType = 1;
			remoteGlobalIDString = 3833D4B922A48E90009768F6;
			remoteInfo = Expenses;
		};
/* End PBXContainerItemProxy section */

/* Begin PBXFileReference section */
		3833D4BA22A48E90009768F6 /* Expenses.app */ = {isa = PBXFileReference; explicitFileType = wrapper.application; includeInIndex = 0; path = Expenses.app; sourceTree = BUILT_PRODUCTS_DIR; };
		3833D4BD22A48E90009768F6 /* AppDelegate.swift */ = {isa = PBXFileReference; lastKnownFileType = sourcecode.swift; path = AppDelegate.swift; sourceTree = "<group>"; };
		3833D4C222A48E90009768F6 /* Base */ = {isa = PBXFileReference; lastKnownFileType = file.storyboard; name = Base; path = Base.lproj/Main.storyboard; sourceTree = "<group>"; };
		3833D4C522A48E90009768F6 /* Expenses.xcdatamodel */ = {isa = PBXFileReference; lastKnownFileType = wrapper.xcdatamodel; path = Expenses.xcdatamodel; sourceTree = "<group>"; };
		3833D4C722A48E91009768F6 /* Assets.xcassets */ = {isa = PBXFileReference; lastKnownFileType = folder.assetcatalog; path = Assets.xcassets; sourceTree = "<group>"; };
		3833D4CA22A48E91009768F6 /* Base */ = {isa = PBXFileReference; lastKnownFileType = file.storyboard; name = Base; path = Base.lproj/LaunchScreen.storyboard; sourceTree = "<group>"; };
		3833D4CC22A48E91009768F6 /* Info.plist */ = {isa = PBXFileReference; lastKnownFileType = text.plist.xml; path = Info.plist; sourceTree = "<group>"; };
		3833D4D122A48E91009768F6 /* ExpensesTests.xctest */ = {isa = PBXFileReference; explicitFileType = wrapper.cfbundle; includeInIndex = 0; path = ExpensesTests.xctest; sourceTree = BUILT_PRODUCTS_DIR; };
		3833D4D522A48E91009768F6 /* ExpensesTests.swift */ = {isa = PBXFileReference; lastKnownFileType = sourcecode.swift; path = ExpensesTests.swift; sourceTree = "<group>"; };
		3833D4D722A48E91009768F6 /* Info.plist */ = {isa = PBXFileReference; lastKnownFileType = text.plist.xml; path = Info.plist; sourceTree = "<group>"; };
		3833D4DC22A48E91009768F6 /* ExpensesUITests.xctest */ = {isa = PBXFileReference; explicitFileType = wrapper.cfbundle; includeInIndex = 0; path = ExpensesUITests.xctest; sourceTree = BUILT_PRODUCTS_DIR; };
		3833D4E022A48E91009768F6 /* ExpensesUITests.swift */ = {isa = PBXFileReference; lastKnownFileType = sourcecode.swift; path = ExpensesUITests.swift; sourceTree = "<group>"; };
		3833D4E222A48E91009768F6 /* Info.plist */ = {isa = PBXFileReference; lastKnownFileType = text.plist.xml; path = Info.plist; sourceTree = "<group>"; };
		3833D4EE22A49864009768F6 /* Expense.swift */ = {isa = PBXFileReference; lastKnownFileType = sourcecode.swift; path = Expense.swift; sourceTree = "<group>"; };
		3833D4F022A4B38C009768F6 /* ExpensesViewController.swift */ = {isa = PBXFileReference; lastKnownFileType = sourcecode.swift; path = ExpensesViewController.swift; sourceTree = "<group>"; };
		3833D4F222A4B89E009768F6 /* ExpenseTableViewCell.swift */ = {isa = PBXFileReference; lastKnownFileType = sourcecode.swift; path = ExpenseTableViewCell.swift; sourceTree = "<group>"; };
/* End PBXFileReference section */

/* Begin PBXFrameworksBuildPhase section */
		3833D4B722A48E90009768F6 /* Frameworks */ = {
			isa = PBXFrameworksBuildPhase;
			buildActionMask = 2147483647;
			files = (
			);
			runOnlyForDeploymentPostprocessing = 0;
		};
		3833D4CE22A48E91009768F6 /* Frameworks */ = {
			isa = PBXFrameworksBuildPhase;
			buildActionMask = 2147483647;
			files = (
			);
			runOnlyForDeploymentPostprocessing = 0;
		};
		3833D4D922A48E91009768F6 /* Frameworks */ = {
			isa = PBXFrameworksBuildPhase;
			buildActionMask = 2147483647;
			files = (
			);
			runOnlyForDeploymentPostprocessing = 0;
		};
/* End PBXFrameworksBuildPhase section */

/* Begin PBXGroup section */
		3833D4B122A48E90009768F6 = {
			isa = PBXGroup;
			children = (
				3833D4BC22A48E90009768F6 /* Expenses */,
				3833D4D422A48E91009768F6 /* ExpensesTests */,
				3833D4DF22A48E91009768F6 /* ExpensesUITests */,
				3833D4BB22A48E90009768F6 /* Products */,
			);
			sourceTree = "<group>";
		};
		3833D4BB22A48E90009768F6 /* Products */ = {
			isa = PBXGroup;
			children = (
				3833D4BA22A48E90009768F6 /* Expenses.app */,
				3833D4D122A48E91009768F6 /* ExpensesTests.xctest */,
				3833D4DC22A48E91009768F6 /* ExpensesUITests.xctest */,
			);
			name = Products;
			sourceTree = "<group>";
		};
		3833D4BC22A48E90009768F6 /* Expenses */ = {
			isa = PBXGroup;
			children = (
				3833D4BD22A48E90009768F6 /* AppDelegate.swift */,
				3833D4C122A48E90009768F6 /* Main.storyboard */,
				3833D4F022A4B38C009768F6 /* ExpensesViewController.swift */,
				3833D4F222A4B89E009768F6 /* ExpenseTableViewCell.swift */,
				3833D4C722A48E91009768F6 /* Assets.xcassets */,
				3833D4C922A48E91009768F6 /* LaunchScreen.storyboard */,
				3833D4CC22A48E91009768F6 /* Info.plist */,
				3833D4C422A48E90009768F6 /* Expenses.xcdatamodeld */,
				3833D4EE22A49864009768F6 /* Expense.swift */,
			);
			path = Expenses;
			sourceTree = "<group>";
		};
		3833D4D422A48E91009768F6 /* ExpensesTests */ = {
			isa = PBXGroup;
			children = (
				3833D4D522A48E91009768F6 /* ExpensesTests.swift */,
				3833D4D722A48E91009768F6 /* Info.plist */,
			);
			path = ExpensesTests;
			sourceTree = "<group>";
		};
		3833D4DF22A48E91009768F6 /* ExpensesUITests */ = {
			isa = PBXGroup;
			children = (
				3833D4E022A48E91009768F6 /* ExpensesUITests.swift */,
				3833D4E222A48E91009768F6 /* Info.plist */,
			);
			path = ExpensesUITests;
			sourceTree = "<group>";
		};
/* End PBXGroup section */

/* Begin PBXNativeTarget section */
		3833D4B922A48E90009768F6 /* Expenses */ = {
			isa = PBXNativeTarget;
			buildConfigurationList = 3833D4E522A48E91009768F6 /* Build configuration list for PBXNativeTarget "Expenses" */;
			buildPhases = (
				3833D4B622A48E90009768F6 /* Sources */,
				3833D4B722A48E90009768F6 /* Frameworks */,
				3833D4B822A48E90009768F6 /* Resources */,
			);
			buildRules = (
			);
			dependencies = (
			);
			name = Expenses;
			productName = Expenses;
			productReference = 3833D4BA22A48E90009768F6 /* Expenses.app */;
			productType = "com.apple.product-type.application";
		};
		3833D4D022A48E91009768F6 /* ExpensesTests */ = {
			isa = PBXNativeTarget;
			buildConfigurationList = 3833D4E822A48E91009768F6 /* Build configuration list for PBXNativeTarget "ExpensesTests" */;
			buildPhases = (
				3833D4CD22A48E91009768F6 /* Sources */,
				3833D4CE22A48E91009768F6 /* Frameworks */,
				3833D4CF22A48E91009768F6 /* Resources */,
			);
			buildRules = (
			);
			dependencies = (
				3833D4D322A48E91009768F6 /* PBXTargetDependency */,
			);
			name = ExpensesTests;
			productName = ExpensesTests;
			productReference = 3833D4D122A48E91009768F6 /* ExpensesTests.xctest */;
			productType = "com.apple.product-type.bundle.unit-test";
		};
		3833D4DB22A48E91009768F6 /* ExpensesUITests */ = {
			isa = PBXNativeTarget;
			buildConfigurationList = 3833D4EB22A48E91009768F6 /* Build configuration list for PBXNativeTarget "ExpensesUITests" */;
			buildPhases = (
				3833D4D822A48E91009768F6 /* Sources */,
				3833D4D922A48E91009768F6 /* Frameworks */,
				3833D4DA22A48E91009768F6 /* Resources */,
			);
			buildRules = (
			);
			dependencies = (
				3833D4DE22A48E91009768F6 /* PBXTargetDependency */,
			);
			name = ExpensesUITests;
			productName = ExpensesUITests;
			productReference = 3833D4DC22A48E91009768F6 /* ExpensesUITests.xctest */;
			productType = "com.apple.product-type.bundle.ui-testing";
		};
/* End PBXNativeTarget section */

/* Begin PBXProject section */
		3833D4B222A48E90009768F6 /* Project object */ = {
			isa = PBXProject;
			attributes = {
				LastSwiftUpdateCheck = 1020;
				LastUpgradeCheck = 1020;
				ORGANIZATIONNAME = "Chris Harling";
				TargetAttributes = {
					3833D4B922A48E90009768F6 = {
						CreatedOnToolsVersion = 10.2.1;
					};
					3833D4D022A48E91009768F6 = {
						CreatedOnToolsVersion = 10.2.1;
						TestTargetID = 3833D4B922A48E90009768F6;
					};
					3833D4DB22A48E91009768F6 = {
						CreatedOnToolsVersion = 10.2.1;
						TestTargetID = 3833D4B922A48E90009768F6;
					};
				};
			};
			buildConfigurationList = 3833D4B522A48E90009768F6 /* Build configuration list for PBXProject "Expenses" */;
			compatibilityVersion = "Xcode 9.3";
			developmentRegion = en;
			hasScannedForEncodings = 0;
			knownRegions = (
				en,
				Base,
			);
			mainGroup = 3833D4B122A48E90009768F6;
			productRefGroup = 3833D4BB22A48E90009768F6 /* Products */;
			projectDirPath = "";
			projectRoot = "";
			targets = (
				3833D4B922A48E90009768F6 /* Expenses */,
				3833D4D022A48E91009768F6 /* ExpensesTests */,
				3833D4DB22A48E91009768F6 /* ExpensesUITests */,
			);
		};
/* End PBXProject section */

/* Begin PBXResourcesBuildPhase section */
		3833D4B822A48E90009768F6 /* Resources */ = {
			isa = PBXResourcesBuildPhase;
			buildActionMask = 2147483647;
			files = (
				3833D4CB22A48E91009768F6 /* LaunchScreen.storyboard in Resources */,
				3833D4C822A48E91009768F6 /* Assets.xcassets in Resources */,
				3833D4C322A48E90009768F6 /* Main.storyboard in Resources */,
			);
			runOnlyForDeploymentPostprocessing = 0;
		};
		3833D4CF22A48E91009768F6 /* Resources */ = {
			isa = PBXResourcesBuildPhase;
			buildActionMask = 2147483647;
			files = (
			);
			runOnlyForDeploymentPostprocessing = 0;
		};
		3833D4DA22A48E91009768F6 /* Resources */ = {
			isa = PBXResourcesBuildPhase;
			buildActionMask = 2147483647;
			files = (
			);
			runOnlyForDeploymentPostprocessing = 0;
		};
/* End PBXResourcesBuildPhase section */

/* Begin PBXSourcesBuildPhase section */
		3833D4B622A48E90009768F6 /* Sources */ = {
			isa = PBXSourcesBuildPhase;
			buildActionMask = 2147483647;
			files = (
				3833D4F322A4B89E009768F6 /* ExpenseTableViewCell.swift in Sources */,
				3833D4EF22A49864009768F6 /* Expense.swift in Sources */,
				3833D4F122A4B38C009768F6 /* ExpensesViewController.swift in Sources */,
				3833D4C622A48E90009768F6 /* Expenses.xcdatamodeld in Sources */,
				3833D4BE22A48E90009768F6 /* AppDelegate.swift in Sources */,
			);
			runOnlyForDeploymentPostprocessing = 0;
		};
		3833D4CD22A48E91009768F6 /* Sources */ = {
			isa = PBXSourcesBuildPhase;
			buildActionMask = 2147483647;
			files = (
				3833D4D622A48E91009768F6 /* ExpensesTests.swift in Sources */,
			);
			runOnlyForDeploymentPostprocessing = 0;
		};
		3833D4D822A48E91009768F6 /* Sources */ = {
			isa = PBXSourcesBuildPhase;
			buildActionMask = 2147483647;
			files = (
				3833D4E122A48E91009768F6 /* ExpensesUITests.swift in Sources */,
			);
			runOnlyForDeploymentPostprocessing = 0;
		};
/* End PBXSourcesBuildPhase section */

/* Begin PBXTargetDependency section */
		3833D4D322A48E91009768F6 /* PBXTargetDependency */ = {
			isa = PBXTargetDependency;
			target = 3833D4B922A48E90009768F6 /* Expenses */;
			targetProxy = 3833D4D222A48E91009768F6 /* PBXContainerItemProxy */;
		};
		3833D4DE22A48E91009768F6 /* PBXTargetDependency */ = {
			isa = PBXTargetDependency;
			target = 3833D4B922A48E90009768F6 /* Expenses */;
			targetProxy = 3833D4DD22A48E91009768F6 /* PBXContainerItemProxy */;
		};
/* End PBXTargetDependency section */

/* Begin PBXVariantGroup section */
		3833D4C122A48E90009768F6 /* Main.storyboard */ = {
			isa = PBXVariantGroup;
			children = (
				3833D4C222A48E90009768F6 /* Base */,
			);
			name = Main.storyboard;
			sourceTree = "<group>";
		};
		3833D4C922A48E91009768F6 /* LaunchScreen.storyboard */ = {
			isa = PBXVariantGroup;
			children = (
				3833D4CA22A48E91009768F6 /* Base */,
			);
			name = LaunchScreen.storyboard;
			sourceTree = "<group>";
		};
/* End PBXVariantGroup section */

/* Begin XCBuildConfiguration section */
		3833D4E322A48E91009768F6 /* Debug */ = {
			isa = XCBuildConfiguration;
			buildSettings = {
				ALWAYS_SEARCH_USER_PATHS = NO;
				CLANG_ANALYZER_NONNULL = YES;
				CLANG_ANALYZER_NUMBER_OBJECT_CONVERSION = YES_AGGRESSIVE;
				CLANG_CXX_LANGUAGE_STANDARD = "gnu++14";
				CLANG_CXX_LIBRARY = "libc++";
				CLANG_ENABLE_MODULES = YES;
				CLANG_ENABLE_OBJC_ARC = YES;
				CLANG_ENABLE_OBJC_WEAK = YES;
				CLANG_WARN_BLOCK_CAPTURE_AUTORELEASING = YES;
				CLANG_WARN_BOOL_CONVERSION = YES;
				CLANG_WARN_COMMA = YES;
				CLANG_WARN_CONSTANT_CONVERSION = YES;
				CLANG_WARN_DEPRECATED_OBJC_IMPLEMENTATIONS = YES;
				CLANG_WARN_DIRECT_OBJC_ISA_USAGE = YES_ERROR;
				CLANG_WARN_DOCUMENTATION_COMMENTS = YES;
				CLANG_WARN_EMPTY_BODY = YES;
				CLANG_WARN_ENUM_CONVERSION = YES;
				CLANG_WARN_INFINITE_RECURSION = YES;
				CLANG_WARN_INT_CONVERSION = YES;
				CLANG_WARN_NON_LITERAL_NULL_CONVERSION = YES;
				CLANG_WARN_OBJC_IMPLICIT_RETAIN_SELF = YES;
				CLANG_WARN_OBJC_LITERAL_CONVERSION = YES;
				CLANG_WARN_OBJC_ROOT_CLASS = YES_ERROR;
				CLANG_WARN_RANGE_LOOP_ANALYSIS = YES;
				CLANG_WARN_STRICT_PROTOTYPES = YES;
				CLANG_WARN_SUSPICIOUS_MOVE = YES;
				CLANG_WARN_UNGUARDED_AVAILABILITY = YES_AGGRESSIVE;
				CLANG_WARN_UNREACHABLE_CODE = YES;
				CLANG_WARN__DUPLICATE_METHOD_MATCH = YES;
				CODE_SIGN_IDENTITY = "iPhone Developer";
				COPY_PHASE_STRIP = NO;
				DEBUG_INFORMATION_FORMAT = dwarf;
				ENABLE_STRICT_OBJC_MSGSEND = YES;
				ENABLE_TESTABILITY = YES;
				GCC_C_LANGUAGE_STANDARD = gnu11;
				GCC_DYNAMIC_NO_PIC = NO;
				GCC_NO_COMMON_BLOCKS = YES;
				GCC_OPTIMIZATION_LEVEL = 0;
				GCC_PREPROCESSOR_DEFINITIONS = (
					"DEBUG=1",
					"$(inherited)",
				);
				GCC_WARN_64_TO_32_BIT_CONVERSION = YES;
				GCC_WARN_ABOUT_RETURN_TYPE = YES_ERROR;
				GCC_WARN_UNDECLARED_SELECTOR = YES;
				GCC_WARN_UNINITIALIZED_AUTOS = YES_AGGRESSIVE;
				GCC_WARN_UNUSED_FUNCTION = YES;
				GCC_WARN_UNUSED_VARIABLE = YES;
				IPHONEOS_DEPLOYMENT_TARGET = 12.2;
				MTL_ENABLE_DEBUG_INFO = INCLUDE_SOURCE;
				MTL_FAST_MATH = YES;
				ONLY_ACTIVE_ARCH = YES;
				SDKROOT = iphoneos;
				SWIFT_ACTIVE_COMPILATION_CONDITIONS = DEBUG;
				SWIFT_OPTIMIZATION_LEVEL = "-Onone";
			};
			name = Debug;
		};
		3833D4E422A48E91009768F6 /* Release */ = {
			isa = XCBuildConfiguration;
			buildSettings = {
				ALWAYS_SEARCH_USER_PATHS = NO;
				CLANG_ANALYZER_NONNULL = YES;
				CLANG_ANALYZER_NUMBER_OBJECT_CONVERSION = YES_AGGRESSIVE;
				CLANG_CXX_LANGUAGE_STANDARD = "gnu++14";
				CLANG_CXX_LIBRARY = "libc++";
				CLANG_ENABLE_MODULES = YES;
				CLANG_ENABLE_OBJC_ARC = YES;
				CLANG_ENABLE_OBJC_WEAK = YES;
				CLANG_WARN_BLOCK_CAPTURE_AUTORELEASING = YES;
				CLANG_WARN_BOOL_CONVERSION = YES;
				CLANG_WARN_COMMA = YES;
				CLANG_WARN_CONSTANT_CONVERSION = YES;
				CLANG_WARN_DEPRECATED_OBJC_IMPLEMENTATIONS = YES;
				CLANG_WARN_DIRECT_OBJC_ISA_USAGE = YES_ERROR;
				CLANG_WARN_DOCUMENTATION_COMMENTS = YES;
				CLANG_WARN_EMPTY_BODY = YES;
				CLANG_WARN_ENUM_CONVERSION = YES;
				CLANG_WARN_INFINITE_RECURSION = YES;
				CLANG_WARN_INT_CONVERSION = YES;
				CLANG_WARN_NON_LITERAL_NULL_CONVERSION = YES;
				CLANG_WARN_OBJC_IMPLICIT_RETAIN_SELF = YES;
				CLANG_WARN_OBJC_LITERAL_CONVERSION = YES;
				CLANG_WARN_OBJC_ROOT_CLASS = YES_ERROR;
				CLANG_WARN_RANGE_LOOP_ANALYSIS = YES;
				CLANG_WARN_STRICT_PROTOTYPES = YES;
				CLANG_WARN_SUSPICIOUS_MOVE = YES;
				CLANG_WARN_UNGUARDED_AVAILABILITY = YES_AGGRESSIVE;
				CLANG_WARN_UNREACHABLE_CODE = YES;
				CLANG_WARN__DUPLICATE_METHOD_MATCH = YES;
				CODE_SIGN_IDENTITY = "iPhone Developer";
				COPY_PHASE_STRIP = NO;
				DEBUG_INFORMATION_FORMAT = "dwarf-with-dsym";
				ENABLE_NS_ASSERTIONS = NO;
				ENABLE_STRICT_OBJC_MSGSEND = YES;
				GCC_C_LANGUAGE_STANDARD = gnu11;
				GCC_NO_COMMON_BLOCKS = YES;
				GCC_WARN_64_TO_32_BIT_CONVERSION = YES;
				GCC_WARN_ABOUT_RETURN_TYPE = YES_ERROR;
				GCC_WARN_UNDECLARED_SELECTOR = YES;
				GCC_WARN_UNINITIALIZED_AUTOS = YES_AGGRESSIVE;
				GCC_WARN_UNUSED_FUNCTION = YES;
				GCC_WARN_UNUSED_VARIABLE = YES;
				IPHONEOS_DEPLOYMENT_TARGET = 12.2;
				MTL_ENABLE_DEBUG_INFO = NO;
				MTL_FAST_MATH = YES;
				SDKROOT = iphoneos;
				SWIFT_COMPILATION_MODE = wholemodule;
				SWIFT_OPTIMIZATION_LEVEL = "-O";
				VALIDATE_PRODUCT = YES;
			};
			name = Release;
		};
		3833D4E622A48E91009768F6 /* Debug */ = {
			isa = XCBuildConfiguration;
			buildSettings = {
				ASSETCATALOG_COMPILER_APPICON_NAME = AppIcon;
				CODE_SIGN_STYLE = Automatic;
				INFOPLIST_FILE = Expenses/Info.plist;
				LD_RUNPATH_SEARCH_PATHS = (
					"$(inherited)",
					"@executable_path/Frameworks",
				);
				PRODUCT_BUNDLE_IDENTIFIER = CHarling.Expenses;
				PRODUCT_NAME = "$(TARGET_NAME)";
				SWIFT_VERSION = 5.0;
				TARGETED_DEVICE_FAMILY = "1,2";
			};
			name = Debug;
		};
		3833D4E722A48E91009768F6 /* Release */ = {
			isa = XCBuildConfiguration;
			buildSettings = {
				ASSETCATALOG_COMPILER_APPICON_NAME = AppIcon;
				CODE_SIGN_STYLE = Automatic;
				INFOPLIST_FILE = Expenses/Info.plist;
				LD_RUNPATH_SEARCH_PATHS = (
					"$(inherited)",
					"@executable_path/Frameworks",
				);
				PRODUCT_BUNDLE_IDENTIFIER = CHarling.Expenses;
				PRODUCT_NAME = "$(TARGET_NAME)";
				SWIFT_VERSION = 5.0;
				TARGETED_DEVICE_FAMILY = "1,2";
			};
			name = Release;
		};
		3833D4E922A48E91009768F6 /* Debug */ = {
			isa = XCBuildConfiguration;
			buildSettings = {
				ALWAYS_EMBED_SWIFT_STANDARD_LIBRARIES = YES;
				BUNDLE_LOADER = "$(TEST_HOST)";
				CODE_SIGN_STYLE = Automatic;
				INFOPLIST_FILE = ExpensesTests/Info.plist;
				LD_RUNPATH_SEARCH_PATHS = (
					"$(inherited)",
					"@executable_path/Frameworks",
					"@loader_path/Frameworks",
				);
				PRODUCT_BUNDLE_IDENTIFIER = CHarling.ExpensesTests;
				PRODUCT_NAME = "$(TARGET_NAME)";
				SWIFT_VERSION = 5.0;
				TARGETED_DEVICE_FAMILY = "1,2";
				TEST_HOST = "$(BUILT_PRODUCTS_DIR)/Expenses.app/Expenses";
			};
			name = Debug;
		};
		3833D4EA22A48E91009768F6 /* Release */ = {
			isa = XCBuildConfiguration;
			buildSettings = {
				ALWAYS_EMBED_SWIFT_STANDARD_LIBRARIES = YES;
				BUNDLE_LOADER = "$(TEST_HOST)";
				CODE_SIGN_STYLE = Automatic;
				INFOPLIST_FILE = ExpensesTests/Info.plist;
				LD_RUNPATH_SEARCH_PATHS = (
					"$(inherited)",
					"@executable_path/Frameworks",
					"@loader_path/Frameworks",
				);
				PRODUCT_BUNDLE_IDENTIFIER = CHarling.ExpensesTests;
				PRODUCT_NAME = "$(TARGET_NAME)";
				SWIFT_VERSION = 5.0;
				TARGETED_DEVICE_FAMILY = "1,2";
				TEST_HOST = "$(BUILT_PRODUCTS_DIR)/Expenses.app/Expenses";
			};
			name = Release;
		};
		3833D4EC22A48E91009768F6 /* Debug */ = {
			isa = XCBuildConfiguration;
			buildSettings = {
				ALWAYS_EMBED_SWIFT_STANDARD_LIBRARIES = YES;
				CODE_SIGN_STYLE = Automatic;
				INFOPLIST_FILE = ExpensesUITests/Info.plist;
				LD_RUNPATH_SEARCH_PATHS = (
					"$(inherited)",
					"@executable_path/Frameworks",
					"@loader_path/Frameworks",
				);
				PRODUCT_BUNDLE_IDENTIFIER = CHarling.ExpensesUITests;
				PRODUCT_NAME = "$(TARGET_NAME)";
				SWIFT_VERSION = 5.0;
				TARGETED_DEVICE_FAMILY = "1,2";
				TEST_TARGET_NAME = Expenses;
			};
			name = Debug;
		};
		3833D4ED22A48E91009768F6 /* Release */ = {
			isa = XCBuildConfiguration;
			buildSettings = {
				ALWAYS_EMBED_SWIFT_STANDARD_LIBRARIES = YES;
				CODE_SIGN_STYLE = Automatic;
				INFOPLIST_FILE = ExpensesUITests/Info.plist;
				LD_RUNPATH_SEARCH_PATHS = (
					"$(inherited)",
					"@executable_path/Frameworks",
					"@loader_path/Frameworks",
				);
				PRODUCT_BUNDLE_IDENTIFIER = CHarling.ExpensesUITests;
				PRODUCT_NAME = "$(TARGET_NAME)";
				SWIFT_VERSION = 5.0;
				TARGETED_DEVICE_FAMILY = "1,2";
				TEST_TARGET_NAME = Expenses;
			};
			name = Release;
		};
/* End XCBuildConfiguration section */

/* Begin XCConfigurationList section */
		3833D4B522A48E90009768F6 /* Build configuration list for PBXProject "Expenses" */ = {
			isa = XCConfigurationList;
			buildConfigurations = (
				3833D4E322A48E91009768F6 /* Debug */,
				3833D4E422A48E91009768F6 /* Release */,
			);
			defaultConfigurationIsVisible = 0;
			defaultConfigurationName = Release;
		};
		3833D4E522A48E91009768F6 /* Build configuration list for PBXNativeTarget "Expenses" */ = {
			isa = XCConfigurationList;
			buildConfigurations = (
				3833D4E622A48E91009768F6 /* Debug */,
				3833D4E722A48E91009768F6 /* Release */,
			);
			defaultConfigurationIsVisible = 0;
			defaultConfigurationName = Release;
		};
		3833D4E822A48E91009768F6 /* Build configuration list for PBXNativeTarget "ExpensesTests" */ = {
			isa = XCConfigurationList;
			buildConfigurations = (
				3833D4E922A48E91009768F6 /* Debug */,
				3833D4EA22A48E91009768F6 /* Release */,
			);
			defaultConfigurationIsVisible = 0;
			defaultConfigurationName = Release;
		};
		3833D4EB22A48E91009768F6 /* Build configuration list for PBXNativeTarget "ExpensesUITests" */ = {
			isa = XCConfigurationList;
			buildConfigurations = (
				3833D4EC22A48E91009768F6 /* Debug */,
				3833D4ED22A48E91009768F6 /* Release */,
			);
			defaultConfigurationIsVisible = 0;
			defaultConfigurationName = Release;
		};
/* End XCConfigurationList section */

/* Begin XCVersionGroup section */
		3833D4C422A48E90009768F6 /* Expenses.xcdatamodeld */ = {
			isa = XCVersionGroup;
			children = (
				3833D4C522A48E90009768F6 /* Expenses.xcdatamodel */,
			);
			currentVersion = 3833D4C522A48E90009768F6 /* Expenses.xcdatamodel */;
			path = Expenses.xcdatamodeld;
			sourceTree = "<group>";
			versionGroupType = wrapper.xcdatamodel;
		};
/* End XCVersionGroup section */
	};
	rootObject = 3833D4B222A48E90009768F6 /* Project object */;
}
